
Microsoft Visual Studio Solution File, Format Version 12.00
# Visual Studio 15
Project("{FAE04EC0-301F-11D3-BF4B-00C04F79EFBC}") = "PrismLearning.Android", "PrismLearning.Android\PrismLearning.Android.csproj", "{C4F64872-F722-445B-B9B6-FA96FEC087B3}"
EndProject
Project("{FAE04EC0-301F-11D3-BF4B-00C04F79EFBC}") = "PrismLearning.iOS", "PrismLearning.iOS\PrismLearning.iOS.csproj", "{DEA78869-0B2B-4FBE-9EE9-58FFDA2A2342}"
EndProject
Project("{FAE04EC0-301F-11D3-BF4B-00C04F79EFBC}") = "PrismLearning", "PrismLearning\PrismLearning.csproj", "{51C20141-98E7-4D14-9C97-E9A489E89D3D}"
EndProject
Project("{2150E333-8FDC-42A3-9474-1A3956D46DE8}") = "Solution Items", "Solution Items", "{762A56DD-2EBD-4D75-B2B2-BB3AEDFA4A0B}"
	ProjectSection(SolutionItems) = preProject
		README.md = README.md
	EndProjectSection
EndProject
Project("{2150E333-8FDC-42A3-9474-1A3956D46DE8}") = "Modules", "Modules", "{C6629214-EB70-40D8-A821-76577DF2A448}"
EndProject
Project("{FAE04EC0-301F-11D3-BF4B-00C04F79EFBC}") = "LoginModule", "LoginModule\LoginModule.csproj", "{8BFE6C7A-3645-457A-BCCE-72D9F23C87D9}"
EndProject
Project("{FAE04EC0-301F-11D3-BF4B-00C04F79EFBC}") = "PrismLearning.DomainService", "PrismLearning.DomainService\PrismLearning.DomainService.csproj", "{7D9AFFA5-7685-420E-B0BE-F78B6D67E8D9}"
EndProject
Project("{FAE04EC0-301F-11D3-BF4B-00C04F79EFBC}") = "PrismLearning.DomainService.Abstractions", "PrismLearning.DomainService.Abstractions\PrismLearning.DomainService.Abstractions.csproj", "{7CEBDC2A-A838-40AB-BB33-D5B382A2606D}"
EndProject
Global
	GlobalSection(SolutionConfigurationPlatforms) = preSolution
		Debug|Any CPU = Debug|Any CPU
		Release|Any CPU = Release|Any CPU
		Debug|iPhoneSimulator = Debug|iPhoneSimulator
		Release|iPhoneSimulator = Release|iPhoneSimulator
		Debug|iPhone = Debug|iPhone
		Release|iPhone = Release|iPhone
	EndGlobalSection
	GlobalSection(ProjectConfigurationPlatforms) = postSolution
		{C4F64872-F722-445B-B9B6-FA96FEC087B3}.Debug|Any CPU.ActiveCfg = Debug|Any CPU
		{C4F64872-F722-445B-B9B6-FA96FEC087B3}.Debug|Any CPU.Build.0 = Debug|Any CPU
		{C4F64872-F722-445B-B9B6-FA96FEC087B3}.Release|Any CPU.ActiveCfg = Release|Any CPU
		{C4F64872-F722-445B-B9B6-FA96FEC087B3}.Release|Any CPU.Build.0 = Release|Any CPU
		{C4F64872-F722-445B-B9B6-FA96FEC087B3}.Debug|iPhoneSimulator.ActiveCfg = Debug|Any CPU
		{C4F64872-F722-445B-B9B6-FA96FEC087B3}.Debug|iPhoneSimulator.Build.0 = Debug|Any CPU
		{C4F64872-F722-445B-B9B6-FA96FEC087B3}.Release|iPhoneSimulator.ActiveCfg = Release|Any CPU
		{C4F64872-F722-445B-B9B6-FA96FEC087B3}.Release|iPhoneSimulator.Build.0 = Release|Any CPU
		{C4F64872-F722-445B-B9B6-FA96FEC087B3}.Debug|iPhone.ActiveCfg = Debug|Any CPU
		{C4F64872-F722-445B-B9B6-FA96FEC087B3}.Debug|iPhone.Build.0 = Debug|Any CPU
		{C4F64872-F722-445B-B9B6-FA96FEC087B3}.Release|iPhone.ActiveCfg = Release|Any CPU
		{C4F64872-F722-445B-B9B6-FA96FEC087B3}.Release|iPhone.Build.0 = Release|Any CPU
		{DEA78869-0B2B-4FBE-9EE9-58FFDA2A2342}.Debug|Any CPU.ActiveCfg = Debug|iPhoneSimulator
		{DEA78869-0B2B-4FBE-9EE9-58FFDA2A2342}.Debug|Any CPU.Build.0 = Debug|iPhoneSimulator
		{DEA78869-0B2B-4FBE-9EE9-58FFDA2A2342}.Release|Any CPU.ActiveCfg = Release|iPhoneSimulator
		{DEA78869-0B2B-4FBE-9EE9-58FFDA2A2342}.Release|Any CPU.Build.0 = Release|iPhoneSimulator
		{DEA78869-0B2B-4FBE-9EE9-58FFDA2A2342}.Debug|iPhoneSimulator.ActiveCfg = Debug|iPhoneSimulator
		{DEA78869-0B2B-4FBE-9EE9-58FFDA2A2342}.Debug|iPhoneSimulator.Build.0 = Debug|iPhoneSimulator
		{DEA78869-0B2B-4FBE-9EE9-58FFDA2A2342}.Release|iPhoneSimulator.ActiveCfg = Release|iPhoneSimulator
		{DEA78869-0B2B-4FBE-9EE9-58FFDA2A2342}.Release|iPhoneSimulator.Build.0 = Release|iPhoneSimulator
		{DEA78869-0B2B-4FBE-9EE9-58FFDA2A2342}.Debug|iPhone.ActiveCfg = Debug|iPhone
		{DEA78869-0B2B-4FBE-9EE9-58FFDA2A2342}.Debug|iPhone.Build.0 = Debug|iPhone
		{DEA78869-0B2B-4FBE-9EE9-58FFDA2A2342}.Release|iPhone.ActiveCfg = Release|iPhone
		{DEA78869-0B2B-4FBE-9EE9-58FFDA2A2342}.Release|iPhone.Build.0 = Release|iPhone
		{51C20141-98E7-4D14-9C97-E9A489E89D3D}.Debug|Any CPU.ActiveCfg = Debug|Any CPU
		{51C20141-98E7-4D14-9C97-E9A489E89D3D}.Debug|Any CPU.Build.0 = Debug|Any CPU
		{51C20141-98E7-4D14-9C97-E9A489E89D3D}.Release|Any CPU.ActiveCfg = Release|Any CPU
		{51C20141-98E7-4D14-9C97-E9A489E89D3D}.Release|Any CPU.Build.0 = Release|Any CPU
		{51C20141-98E7-4D14-9C97-E9A489E89D3D}.Debug|iPhoneSimulator.ActiveCfg = Debug|Any CPU
		{51C20141-98E7-4D14-9C97-E9A489E89D3D}.Debug|iPhoneSimulator.Build.0 = Debug|Any CPU
		{51C20141-98E7-4D14-9C97-E9A489E89D3D}.Release|iPhoneSimulator.ActiveCfg = Release|Any CPU
		{51C20141-98E7-4D14-9C97-E9A489E89D3D}.Release|iPhoneSimulator.Build.0 = Release|Any CPU
		{51C20141-98E7-4D14-9C97-E9A489E89D3D}.Debug|iPhone.ActiveCfg = Debug|Any CPU
		{51C20141-98E7-4D14-9C97-E9A489E89D3D}.Debug|iPhone.Build.0 = Debug|Any CPU
		{51C20141-98E7-4D14-9C97-E9A489E89D3D}.Release|iPhone.ActiveCfg = Release|Any CPU
		{51C20141-98E7-4D14-9C97-E9A489E89D3D}.Release|iPhone.Build.0 = Release|Any CPU
		{8BFE6C7A-3645-457A-BCCE-72D9F23C87D9}.Debug|Any CPU.ActiveCfg = Debug|Any CPU
		{8BFE6C7A-3645-457A-BCCE-72D9F23C87D9}.Debug|Any CPU.Build.0 = Debug|Any CPU
		{8BFE6C7A-3645-457A-BCCE-72D9F23C87D9}.Release|Any CPU.ActiveCfg = Release|Any CPU
		{8BFE6C7A-3645-457A-BCCE-72D9F23C87D9}.Release|Any CPU.Build.0 = Release|Any CPU
		{8BFE6C7A-3645-457A-BCCE-72D9F23C87D9}.Debug|iPhoneSimulator.ActiveCfg = Debug|Any CPU
		{8BFE6C7A-3645-457A-BCCE-72D9F23C87D9}.Debug|iPhoneSimulator.Build.0 = Debug|Any CPU
		{8BFE6C7A-3645-457A-BCCE-72D9F23C87D9}.Release|iPhoneSimulator.ActiveCfg = Release|Any CPU
		{8BFE6C7A-3645-457A-BCCE-72D9F23C87D9}.Release|iPhoneSimulator.Build.0 = Release|Any CPU
		{8BFE6C7A-3645-457A-BCCE-72D9F23C87D9}.Debug|iPhone.ActiveCfg = Debug|Any CPU
		{8BFE6C7A-3645-457A-BCCE-72D9F23C87D9}.Debug|iPhone.Build.0 = Debug|Any CPU
		{8BFE6C7A-3645-457A-BCCE-72D9F23C87D9}.Release|iPhone.ActiveCfg = Release|Any CPU
		{8BFE6C7A-3645-457A-BCCE-72D9F23C87D9}.Release|iPhone.Build.0 = Release|Any CPU
		{7D9AFFA5-7685-420E-B0BE-F78B6D67E8D9}.Debug|Any CPU.ActiveCfg = Debug|Any CPU
		{7D9AFFA5-7685-420E-B0BE-F78B6D67E8D9}.Debug|Any CPU.Build.0 = Debug|Any CPU
		{7D9AFFA5-7685-420E-B0BE-F78B6D67E8D9}.Release|Any CPU.ActiveCfg = Release|Any CPU
		{7D9AFFA5-7685-420E-B0BE-F78B6D67E8D9}.Release|Any CPU.Build.0 = Release|Any CPU
		{7D9AFFA5-7685-420E-B0BE-F78B6D67E8D9}.Debug|iPhoneSimulator.ActiveCfg = Debug|Any CPU
		{7D9AFFA5-7685-420E-B0BE-F78B6D67E8D9}.Debug|iPhoneSimulator.Build.0 = Debug|Any CPU
		{7D9AFFA5-7685-420E-B0BE-F78B6D67E8D9}.Release|iPhoneSimulator.ActiveCfg = Release|Any CPU
		{7D9AFFA5-7685-420E-B0BE-F78B6D67E8D9}.Release|iPhoneSimulator.Build.0 = Release|Any CPU
		{7D9AFFA5-7685-420E-B0BE-F78B6D67E8D9}.Debug|iPhone.ActiveCfg = Debug|Any CPU
		{7D9AFFA5-7685-420E-B0BE-F78B6D67E8D9}.Debug|iPhone.Build.0 = Debug|Any CPU
		{7D9AFFA5-7685-420E-B0BE-F78B6D67E8D9}.Release|iPhone.ActiveCfg = Release|Any CPU
		{7D9AFFA5-7685-420E-B0BE-F78B6D67E8D9}.Release|iPhone.Build.0 = Release|Any CPU
		{7CEBDC2A-A838-40AB-BB33-D5B382A2606D}.Debug|Any CPU.ActiveCfg = Debug|Any CPU
		{7CEBDC2A-A838-40AB-BB33-D5B382A2606D}.Debug|Any CPU.Build.0 = Debug|Any CPU
		{7CEBDC2A-A838-40AB-BB33-D5B382A2606D}.Release|Any CPU.ActiveCfg = Release|Any CPU
		{7CEBDC2A-A838-40AB-BB33-D5B382A2606D}.Release|Any CPU.Build.0 = Release|Any CPU
		{7CEBDC2A-A838-40AB-BB33-D5B382A2606D}.Debug|iPhoneSimulator.ActiveCfg = Debug|Any CPU
		{7CEBDC2A-A838-40AB-BB33-D5B382A2606D}.Debug|iPhoneSimulator.Build.0 = Debug|Any CPU
		{7CEBDC2A-A838-40AB-BB33-D5B382A2606D}.Release|iPhoneSimulator.ActiveCfg = Release|Any CPU
		{7CEBDC2A-A838-40AB-BB33-D5B382A2606D}.Release|iPhoneSimulator.Build.0 = Release|Any CPU
		{7CEBDC2A-A838-40AB-BB33-D5B382A2606D}.Debug|iPhone.ActiveCfg = Debug|Any CPU
		{7CEBDC2A-A838-40AB-BB33-D5B382A2606D}.Debug|iPhone.Build.0 = Debug|Any CPU
		{7CEBDC2A-A838-40AB-BB33-D5B382A2606D}.Release|iPhone.ActiveCfg = Release|Any CPU
		{7CEBDC2A-A838-40AB-BB33-D5B382A2606D}.Release|iPhone.Build.0 = Release|Any CPU
	EndGlobalSection
	GlobalSection(NestedProjects) = preSolution
		{8BFE6C7A-3645-457A-BCCE-72D9F23C87D9} = {C6629214-EB70-40D8-A821-76577DF2A448}
	EndGlobalSection
EndGlobal
